
Microsoft Visual Studio Solution File, Format Version 12.00
# Visual Studio Version 17
VisualStudioVersion = 17.0.31903.59
MinimumVisualStudioVersion = 10.0.40219.1
Project("{2150E333-8FDC-42A3-9474-1A3956D46DE8}") = "src", "src", "{E6FBE6E9-C684-4CF0-9C6A-1CEE0813D76A}"
EndProject
Project("{2150E333-8FDC-42A3-9474-1A3956D46DE8}") = "tests", "tests", "{06F50749-6A5C-4954-B0C1-6505E865371B}"
	ProjectSection(SolutionItems) = preProject
		tests\Directory.Packages.props = tests\Directory.Packages.props
	EndProjectSection
EndProject
Project("{2150E333-8FDC-42A3-9474-1A3956D46DE8}") = "Solution Items", "Solution Items", "{8807900C-DE3A-4CD8-B488-9BFBCE940EAF}"
	ProjectSection(SolutionItems) = preProject
		.editorconfig = .editorconfig
		Directory.Packages.props = Directory.Packages.props
		LICENSE = LICENSE
		README.md = README.md
	EndProjectSection
EndProject
Project("{9A19103F-16F7-4668-BE54-9A1E7A4F7556}") = "p7.codeanalysis", "src\p7.codeanalysis\p7.codeanalysis.csproj", "{4A305572-D3C2-4F8A-A30D-8E031F66A2FC}"
EndProject
Project("{FAE04EC0-301F-11D3-BF4B-00C04F79EFBC}") = "p7.codeanalysis.tests", "tests\p7.codeanalysis.tests\p7.codeanalysis.tests.csproj", "{4D31A674-8D73-4B2E-9BF2-4651D7C32AD4}"
EndProject
Global
	GlobalSection(SolutionConfigurationPlatforms) = preSolution
		Debug|Any CPU = Debug|Any CPU
		Release|Any CPU = Release|Any CPU
	EndGlobalSection
	GlobalSection(ProjectConfigurationPlatforms) = postSolution
		{4A305572-D3C2-4F8A-A30D-8E031F66A2FC}.Debug|Any CPU.ActiveCfg = Debug|Any CPU
		{4A305572-D3C2-4F8A-A30D-8E031F66A2FC}.Debug|Any CPU.Build.0 = Debug|Any CPU
		{4A305572-D3C2-4F8A-A30D-8E031F66A2FC}.Release|Any CPU.ActiveCfg = Release|Any CPU
		{4A305572-D3C2-4F8A-A30D-8E031F66A2FC}.Release|Any CPU.Build.0 = Release|Any CPU
		{4D31A674-8D73-4B2E-9BF2-4651D7C32AD4}.Debug|Any CPU.ActiveCfg = Debug|Any CPU
		{4D31A674-8D73-4B2E-9BF2-4651D7C32AD4}.Debug|Any CPU.Build.0 = Debug|Any CPU
		{4D31A674-8D73-4B2E-9BF2-4651D7C32AD4}.Release|Any CPU.ActiveCfg = Release|Any CPU
		{4D31A674-8D73-4B2E-9BF2-4651D7C32AD4}.Release|Any CPU.Build.0 = Release|Any CPU
	EndGlobalSection
	GlobalSection(SolutionProperties) = preSolution
		HideSolutionNode = FALSE
	EndGlobalSection
	GlobalSection(NestedProjects) = preSolution
		{4A305572-D3C2-4F8A-A30D-8E031F66A2FC} = {E6FBE6E9-C684-4CF0-9C6A-1CEE0813D76A}
		{4D31A674-8D73-4B2E-9BF2-4651D7C32AD4} = {06F50749-6A5C-4954-B0C1-6505E865371B}
	EndGlobalSection
	GlobalSection(ExtensibilityGlobals) = postSolution
		SolutionGuid = {D142D390-BDDA-44C3-B84F-4C21DB1287BF}
	EndGlobalSection
EndGlobal
